{
    "name": "newmacs",
    "version": "1.0.0",
    "lockfileVersion": 3,
    "requires": true,
    "packages": {
        "": {
            "name": "newmacs",
            "version": "1.0.0",
            "license": "MIT",
            "dependencies": {
                "@replit/codemirror-minimap": "^0.5.2",
                "@tauri-apps/api": "^2.8.0",
                "@uiw/react-codemirror": "^4.25.11",
                "dockview-react": "^7.0.2",
                "react": "^18.1.0",
                "react-dom": "^18.1.0"
            },
            "devDependencies": {
                "@tauri-apps/cli": "^2.8.4",
                "shadow-cljs": "^3.4.11"
            }
        },
        "node_modules/@babel/runtime": {
            "version": "7.29.7",
            "resolved": "https://artifactory.palantir.build/artifactory/api/npm/all-npm/@babel/runtime/-/runtime-7.29.7.tgz",
            "integrity": "sha512-Nq8OhGWiZIZGV6hLHoyAKLLcJihP/xFeBMGJoUrxTX2psI8dCifzLhZISFb+VWS3wFMRDmCGw5R+dOySCqPLhw==",
            "license": "MIT",
            "engines": {
                "node": ">=6.9.0"
            }
        },
        "node_modules/@codemirror/autocomplete": {
            "version": "6.20.3",
            "resolved": "https://artifactory.palantir.build/artifactory/api/npm/all-npm/@codemirror/autocomplete/-/autocomplete-6.20.3.tgz",
            "integrity": "sha512-tlosUqb+3BbxCxZdu4tKeRghPFC+QM7q4X5YhKV2eCmPG+1r2F3f4AaSz5sCrFqUtX4Jh20VFTKecl16MgiV9g==",
            "license": "MIT",
            "dependencies": {
                "@codemirror/language": "^6.0.0",
                "@codemirror/state": "^6.0.0",
                "@codemirror/view": "^6.17.0",
                "@lezer/common": "^1.0.0"
            }
        },
        "node_modules/@codemirror/commands": {
            "version": "6.10.4",
            "resolved": "https://artifactory.palantir.build/artifactory/api/npm/all-npm/@codemirror/commands/-/commands-6.10.4.tgz",
            "integrity": "sha512-Ryk9y9T0FFVF0cUGhAknveAyUOl/A1qReTFi+qPKtOh2Z9F4AUBz3XOrYD4ZEgZirdugVzHvd/2/Wcwy5OliTg==",
            "license": "MIT",
            "dependencies": {
                "@codemirror/language": "^6.0.0",
                "@codemirror/state": "^6.7.0",
                "@codemirror/view": "^6.27.0",
                "@lezer/common": "^1.1.0"
            }
        },
        "node_modules/@codemirror/language": {
            "version": "6.12.4",
            "resolved": "https://artifactory.palantir.build/artifactory/api/npm/all-npm/@codemirror/language/-/language-6.12.4.tgz",
            "integrity": "sha512-1q4PaT+o6PbgpkJt4Q8Fv5XJxTy4FUZ4MWETtyiDw3J0Pyr9E2vqcKL+k9wcvjNTIsauxvE7OfmWj3FRPHQ76A==",
            "license": "MIT",
            "dependencies": {
                "@codemirror/state": "^6.0.0",
                "@codemirror/view": "^6.23.0",
                "@lezer/common": "^1.5.0",
                "@lezer/highlight": "^1.0.0",
                "@lezer/lr": "^1.0.0",
                "style-mod": "^4.0.0"
            }
        },
        "node_modules/@codemirror/lint": {
            "version": "6.9.7",
            "resolved": "https://artifactory.palantir.build/artifactory/api/npm/all-npm/@codemirror/lint/-/lint-6.9.7.tgz",
            "integrity": "sha512-28/+iWLYxKxsvGYhSYL7zaCZqLz5+FFFDq9tVsvGv9kv8RY4fFAchJ5WX9M3YrrRlTIsECjsXPqeNgnSmNP2dg==",
            "license": "MIT",
            "dependencies": {
                "@codemirror/state": "^6.0.0",
                "@codemirror/view": "^6.42.0",
                "crelt": "^1.0.5"
            }
        },
        "node_modules/@codemirror/search": {
            "version": "6.7.1",
            "resolved": "https://artifactory.palantir.build/artifactory/api/npm/all-npm/@codemirror/search/-/search-6.7.1.tgz",
            "integrity": "sha512-uMe5UO6PamJtSHrXhhHOzSX3ReWtiJrva6GnPMwSOrZtiExb5X5eExhr2OUZQVvdxPsKpY3Ro2mFbQadpPWmHA==",
            "license": "MIT",
            "dependencies": {
                "@codemirror/state": "^6.0.0",
                "@codemirror/view": "^6.37.0",
                "crelt": "^1.0.5"
            }
        },
        "node_modules/@codemirror/state": {
            "version": "6.7.1",
            "resolved": "https://artifactory.palantir.build/artifactory/api/npm/all-npm/@codemirror/state/-/state-6.7.1.tgz",
            "integrity": "sha512-9QzNDgE4EYDnAHfrTlR2lwiPciiOymLtwKK+8yHQzCc7GXhAP9xdEbEJFy2IWB1j9UGUl9BsgMmTo/ImA02T7A==",
            "license": "MIT",
            "dependencies": {
                "@marijn/find-cluster-break": "^1.0.0"
            }
        },
        "node_modules/@codemirror/theme-one-dark": {
            "version": "6.1.3",
            "resolved": "https://artifactory.palantir.build/artifactory/api/npm/all-npm/@codemirror/theme-one-dark/-/theme-one-dark-6.1.3.tgz",
            "integrity": "sha512-NzBdIvEJmx6fjeremiGp3t/okrLPYT0d9orIc7AFun8oZcRk58aejkqhv6spnz4MLAevrKNPMQYXEWMg4s+sKA==",
            "license": "MIT",
            "dependencies": {
                "@codemirror/language": "^6.0.0",
                "@codemirror/state": "^6.0.0",
                "@codemirror/view": "^6.0.0",
                "@lezer/highlight": "^1.0.0"
            }
        },
        "node_modules/@codemirror/view": {
            "version": "6.43.6",
            "resolved": "https://artifactory.palantir.build/artifactory/api/npm/all-npm/@codemirror/view/-/view-6.43.6.tgz",
            "integrity": "sha512-EVunGSYN1wz1p75WY1s3Xg7t3i8Yol0kGZGizNdX9BUFgMFILYVe8/u6EVpo7Ff5PwbZuILb4QAq7IZoKzIEQA==",
            "license": "MIT",
            "dependencies": {
                "@codemirror/state": "^6.7.0",
                "crelt": "^1.0.6",
                "style-mod": "^4.1.0",
                "w3c-keyname": "^2.2.4"
            }
        },
        "node_modules/@lezer/common": {
            "version": "1.5.2",
            "resolved": "https://artifactory.palantir.build/artifactory/api/npm/all-npm/@lezer/common/-/common-1.5.2.tgz",
            "integrity": "sha512-sxQE460fPZyU3sdc8lafxiPwJHBzZRy/udNFynGQky1SePYBdhkBl1kOagA9uT3pxR8K09bOrmTUqA9wb/PjSQ==",
            "license": "MIT"
        },
        "node_modules/@lezer/highlight": {
            "version": "1.2.3",
            "resolved": "https://artifactory.palantir.build/artifactory/api/npm/all-npm/@lezer/highlight/-/highlight-1.2.3.tgz",
            "integrity": "sha512-qXdH7UqTvGfdVBINrgKhDsVTJTxactNNxLk7+UMwZhU13lMHaOBlJe9Vqp907ya56Y3+ed2tlqzys7jDkTmW0g==",
            "license": "MIT",
            "dependencies": {
                "@lezer/common": "^1.3.0"
            }
        },
        "node_modules/@lezer/lr": {
            "version": "1.4.10",
            "resolved": "https://artifactory.palantir.build/artifactory/api/npm/all-npm/@lezer/lr/-/lr-1.4.10.tgz",
            "integrity": "sha512-rnCpTIBafOx4mRp43xOxDJbFipJm/c0cia/V5TiGlhmMa+wsSdoGmUN3w5Bqrks/09Q/D4tNAmWaT8p6NRi77A==",
            "license": "MIT",
            "dependencies": {
                "@lezer/common": "^1.0.0"
            }
        },
        "node_modules/@marijn/find-cluster-break": {
            "version": "1.0.3",
            "resolved": "https://artifactory.palantir.build/artifactory/api/npm/all-npm/@marijn/find-cluster-break/-/find-cluster-break-1.0.3.tgz",
            "integrity": "sha512-FY+MKLBoTsLNJF/eLWaOsXGdz6uh3Iu1axjPf6TUq92IYumcTcXWHoS747JARLkcdlJ/Waiaxc5wQfFO8jC6NA==",
            "license": "MIT"
        },
        "node_modules/@replit/codemirror-minimap": {
            "version": "0.5.2",
            "resolved": "https://artifactory.palantir.build/artifactory/api/npm/all-npm/@replit/codemirror-minimap/-/codemirror-minimap-0.5.2.tgz",
            "integrity": "sha512-eNAtpr0hOG09/5zqAQ5PkgZEb3V/MHi30zentCxiR73r+utR2m9yVMCpBmfsWbb8mWxUWhMGPiHxM5hFtnscQA==",
            "license": "MIT",
            "dependencies": {
                "crelt": "^1.0.5"
            },
            "peerDependencies": {
                "@codemirror/language": "^6.9.1",
                "@codemirror/lint": "^6.4.2",
                "@codemirror/state": "^6.3.1",
                "@codemirror/view": "^6.21.3",
                "@lezer/common": "^1.1.0",
                "@lezer/highlight": "^1.1.6"
            }
        },
        "node_modules/@tauri-apps/api": {
            "version": "2.11.1",
            "resolved": "https://artifactory.palantir.build/artifactory/api/npm/all-npm/@tauri-apps/api/-/api-2.11.1.tgz",
            "integrity": "sha512-M2FPuYND2m+wh5hfW9ZpSdxMPdEJovPBWwoHJmwUpysTYNHaOkVFN419m/K0LIgjb/7KU2vBgsUepJWugQCvAA==",
            "license": "Apache-2.0 OR MIT",
            "funding": {
                "type": "opencollective",
                "url": "https://opencollective.com/tauri"
            }
        },
        "node_modules/@tauri-apps/cli": {
            "version": "2.11.4",
            "resolved": "https://artifactory.palantir.build/artifactory/api/npm/all-npm/@tauri-apps/cli/-/cli-2.11.4.tgz",
            "integrity": "sha512-R8xGtMpwyetawSqm9kYOuMmEqkhUbvcUy8n0aNXIxollKBLESUu5f4Fx+64hgASYm1H+jSWq6jCW6zqTnH6hqQ==",
            "dev": true,
            "license": "Apache-2.0 OR MIT",
            "bin": {
                "tauri": "tauri.js"
            },
            "engines": {
                "node": ">= 10"
            },
            "funding": {
                "type": "opencollective",
                "url": "https://opencollective.com/tauri"
            },
            "optionalDependencies": {
                "@tauri-apps/cli-darwin-arm64": "2.11.4",
                "@tauri-apps/cli-darwin-x64": "2.11.4",
                "@tauri-apps/cli-linux-arm-gnueabihf": "2.11.4",
                "@tauri-apps/cli-linux-arm64-gnu": "2.11.4",
                "@tauri-apps/cli-linux-arm64-musl": "2.11.4",
                "@tauri-apps/cli-linux-riscv64-gnu": "2.11.4",
                "@tauri-apps/cli-linux-x64-gnu": "2.11.4",
                "@tauri-apps/cli-linux-x64-musl": "2.11.4",
                "@tauri-apps/cli-win32-arm64-msvc": "2.11.4",
                "@tauri-apps/cli-win32-ia32-msvc": "2.11.4",
                "@tauri-apps/cli-win32-x64-msvc": "2.11.4"
            }
        },
        "node_modules/@tauri-apps/cli-darwin-arm64": {
            "version": "2.11.4",
            "resolved": "https://artifactory.palantir.build/artifactory/api/npm/all-npm/@tauri-apps/cli-darwin-arm64/-/cli-darwin-arm64-2.11.4.tgz",
            "integrity": "sha512-1ryOF3ZhpZ/nemHV5zVwBQBz9jDGKmKPvWPADOhc83ig0P4bMc2iER4NbC6r9sjeIZ6RVQ4g3RZIYvezhcl4TQ==",
            "cpu": [
                "arm64"
            ],
            "dev": true,
            "license": "Apache-2.0 OR MIT",
            "optional": true,
            "os": [
                "darwin"
            ],
            "engines": {
                "node": ">= 10"
            }
        },
        "node_modules/@tauri-apps/cli-darwin-x64": {
            "version": "2.11.4",
            "resolved": "https://artifactory.palantir.build/artifactory/api/npm/all-npm/@tauri-apps/cli-darwin-x64/-/cli-darwin-x64-2.11.4.tgz",
            "integrity": "sha512-uFsGQAAfuyz1k/yGLmkWfkBlgKAqZfxqlHmLWx81QU27RJWfmbNHCIq8T8w1e+VClleIuZUjpHWfoE4E3DLo3A==",
            "cpu": [
                "x64"
            ],
            "dev": true,
            "license": "Apache-2.0 OR MIT",
            "optional": true,
            "os": [
                "darwin"
            ],
            "engines": {
                "node": ">= 10"
            }
        },
        "node_modules/@tauri-apps/cli-linux-arm-gnueabihf": {
            "version": "2.11.4",
            "resolved": "https://artifactory.palantir.build/artifactory/api/npm/all-npm/@tauri-apps/cli-linux-arm-gnueabihf/-/cli-linux-arm-gnueabihf-2.11.4.tgz",
            "integrity": "sha512-IaHZn5CdBL21oUmjiVOS1ctw6Ip1O0pjp70FwOWmYz1myWe0SY96ZIj2FYf7pT0m8bI2h/hrs5ZbEXXh44/MkQ==",
            "cpu": [
                "arm"
            ],
            "dev": true,
            "license": "Apache-2.0 OR MIT",
            "optional": true,
            "os": [
                "linux"
            ],
            "engines": {
                "node": ">= 10"
            }
        },
        "node_modules/@tauri-apps/cli-linux-arm64-gnu": {
            "version": "2.11.4",
            "resolved": "https://artifactory.palantir.build/artifactory/api/npm/all-npm/@tauri-apps/cli-linux-arm64-gnu/-/cli-linux-arm64-gnu-2.11.4.tgz",
            "integrity": "sha512-N41/ukTRVe6XSuUTESuFdGeOW2i7k62tK+6gHK5Kd5/q5RPvvi19GaWAVPPb9u95HSGmTChSolBfzynUsssFaA==",
            "cpu": [
                "arm64"
            ],
            "dev": true,
            "license": "Apache-2.0 OR MIT",
            "optional": true,
            "os": [
                "linux"
            ],
            "engines": {
                "node": ">= 10"
            }
        },
        "node_modules/@tauri-apps/cli-linux-arm64-musl": {
            "version": "2.11.4",
            "resolved": "https://artifactory.palantir.build/artifactory/api/npm/all-npm/@tauri-apps/cli-linux-arm64-musl/-/cli-linux-arm64-musl-2.11.4.tgz",
            "integrity": "sha512-v277UnT/fB64xAfSroL5N3Km3tLmvATWqJJw/wRI+g6o+HkeD0slyE7gOhNs1MbjE41R7bQOTxMVoL3aomUJmw==",
            "cpu": [
                "arm64"
            ],
            "dev": true,
            "license": "Apache-2.0 OR MIT",
            "optional": true,
            "os": [
                "linux"
            ],
            "engines": {
                "node": ">= 10"
            }
        },
        "node_modules/@tauri-apps/cli-linux-riscv64-gnu": {
            "version": "2.11.4",
            "resolved": "https://artifactory.palantir.build/artifactory/api/npm/all-npm/@tauri-apps/cli-linux-riscv64-gnu/-/cli-linux-riscv64-gnu-2.11.4.tgz",
            "integrity": "sha512-qqgNkQ2u1yZHxjhxsZaxUtRDW8dIqIYm33rx/mzwQv0SfY9x1B+iraj8vWeFiXjjSVVhEMepXSOts1TqPzvXNQ==",
            "cpu": [
                "riscv64"
            ],
            "dev": true,
            "license": "Apache-2.0 OR MIT",
            "optional": true,
            "os": [
                "linux"
            ],
            "engines": {
                "node": ">= 10"
            }
        },
        "node_modules/@tauri-apps/cli-linux-x64-gnu": {
            "version": "2.11.4",
            "resolved": "https://artifactory.palantir.build/artifactory/api/npm/all-npm/@tauri-apps/cli-linux-x64-gnu/-/cli-linux-x64-gnu-2.11.4.tgz",
            "integrity": "sha512-2VRNWl84FOH0m2giiDkO2h0QXlcMJeX+zJDpI5kDIQAx6s+geF3v48F4DXfJez4GS/FdoDGnPnw1C2iYGbQ7bQ==",
            "cpu": [
                "x64"
            ],
            "dev": true,
            "license": "Apache-2.0 OR MIT",
            "optional": true,
            "os": [
                "linux"
            ],
            "engines": {
                "node": ">= 10"
            }
        },
        "node_modules/@tauri-apps/cli-linux-x64-musl": {
            "version": "2.11.4",
            "resolved": "https://artifactory.palantir.build/artifactory/api/npm/all-npm/@tauri-apps/cli-linux-x64-musl/-/cli-linux-x64-musl-2.11.4.tgz",
            "integrity": "sha512-o9GyhYor/nc7xarmwDE3ka2szuW3uuZzXjHWh64Q8YX5AtSgxdQkFWzrY4O8KiGtVNvFBI14H3Q49Qj5TOIP/A==",
            "cpu": [
                "x64"
            ],
            "dev": true,
            "license": "Apache-2.0 OR MIT",
            "optional": true,
            "os": [
                "linux"
            ],
            "engines": {
                "node": ">= 10"
            }
        },
        "node_modules/@tauri-apps/cli-win32-arm64-msvc": {
            "version": "2.11.4",
            "resolved": "https://artifactory.palantir.build/artifactory/api/npm/all-npm/@tauri-apps/cli-win32-arm64-msvc/-/cli-win32-arm64-msvc-2.11.4.tgz",
            "integrity": "sha512-ld5Ehb598m0VkYyylRPNeCFsBe/km0jxis6KgMpl3IGY6I/i1RwQXO05I1AsXUXO2WC6AvB/Lw4qTf/asiuEiQ==",
            "cpu": [
                "arm64"
            ],
            "dev": true,
            "license": "Apache-2.0 OR MIT",
            "optional": true,
            "os": [
                "win32"
            ],
            "engines": {
                "node": ">= 10"
            }
        },
        "node_modules/@tauri-apps/cli-win32-ia32-msvc": {
            "version": "2.11.4",
            "resolved": "https://artifactory.palantir.build/artifactory/api/npm/all-npm/@tauri-apps/cli-win32-ia32-msvc/-/cli-win32-ia32-msvc-2.11.4.tgz",
            "integrity": "sha512-12Hxi0XX/H5VFxO/bGgHkFWhml9VMgEOu9CidjeCeTNQ1l6fpUlbiGgSP7CLI3PFtW9/FfbeHieZ+kyWK5H7CA==",
            "cpu": [
                "ia32"
            ],
            "dev": true,
            "license": "Apache-2.0 OR MIT",
            "optional": true,
            "os": [
                "win32"
            ],
            "engines": {
                "node": ">= 10"
            }
        },
        "node_modules/@tauri-apps/cli-win32-x64-msvc": {
            "version": "2.11.4",
            "resolved": "https://artifactory.palantir.build/artifactory/api/npm/all-npm/@tauri-apps/cli-win32-x64-msvc/-/cli-win32-x64-msvc-2.11.4.tgz",
            "integrity": "sha512-+vDiqBIU5dMISg/wNvX3sF+ZHfgJGJ5T0AcO+EHNXV9GGAG+P5fzodlDXD3QdKCRgZxMoCm5PPvj3BqLNjBthw==",
            "cpu": [
                "x64"
            ],
            "dev": true,
            "license": "Apache-2.0 OR MIT",
            "optional": true,
            "os": [
                "win32"
            ],
            "engines": {
                "node": ">= 10"
            }
        },
        "node_modules/@uiw/codemirror-extensions-basic-setup": {
            "version": "4.25.11",
            "resolved": "https://artifactory.palantir.build/artifactory/api/npm/all-npm/@uiw/codemirror-extensions-basic-setup/-/codemirror-extensions-basic-setup-4.25.11.tgz",
            "integrity": "sha512-otyFa+n9IOYtEjaKOxPedHkj15fTPUF21wdR9pv0GpZPfuGl27cvmcv6+tognbRu9VvEcsHKE+ESoszeo3KfTw==",
            "license": "MIT",
            "dependencies": {
                "@codemirror/autocomplete": "^6.0.0",
                "@codemirror/commands": "^6.0.0",
                "@codemirror/language": "^6.0.0",
                "@codemirror/lint": "^6.0.0",
                "@codemirror/search": "^6.0.0",
                "@codemirror/state": "^6.0.0",
                "@codemirror/view": "^6.0.0"
            },
            "funding": {
                "url": "https://jaywcjlove.github.io/#/sponsor"
            },
            "peerDependencies": {
                "@codemirror/autocomplete": ">=6.0.0",
                "@codemirror/commands": ">=6.0.0",
                "@codemirror/language": ">=6.0.0",
                "@codemirror/lint": ">=6.0.0",
                "@codemirror/search": ">=6.0.0",
                "@codemirror/state": ">=6.0.0",
                "@codemirror/view": ">=6.0.0"
            }
        },
        "node_modules/@uiw/react-codemirror": {
            "version": "4.25.11",
            "resolved": "https://artifactory.palantir.build/artifactory/api/npm/all-npm/@uiw/react-codemirror/-/react-codemirror-4.25.11.tgz",
            "integrity": "sha512-DYVFAKLX+F/4JS9N/7xexh+TICrlncwkX9HKKInrP1bwO0tSfc3k0GB6oawTYhelVKh20cX3TuRx+NJSkVXuMw==",
            "license": "MIT",
            "dependencies": {
                "@babel/runtime": "^7.18.6",
                "@codemirror/commands": "^6.1.0",
                "@codemirror/state": "^6.1.1",
                "@codemirror/theme-one-dark": "^6.0.0",
                "@uiw/codemirror-extensions-basic-setup": "4.25.11",
                "codemirror": "^6.0.0"
            },
            "funding": {
                "url": "https://jaywcjlove.github.io/#/sponsor"
            },
            "peerDependencies": {
                "@babel/runtime": ">=7.11.0",
                "@codemirror/state": ">=6.0.0",
                "@codemirror/theme-one-dark": ">=6.0.0",
                "@codemirror/view": ">=6.0.0",
                "codemirror": ">=6.0.0",
                "react": ">=17.0.0",
                "react-dom": ">=17.0.0"
            }
        },
        "node_modules/base64-js": {
            "version": "1.5.1",
            "resolved": "https://artifactory.palantir.build/artifactory/api/npm/all-npm/base64-js/-/base64-js-1.5.1.tgz",
            "integrity": "sha512-AKpaYlHn8t4SVbOHCy+b5+KKgvR4vrsD8vbvrbiQJps7fKDTkjkDry6ji0rUJjC0kzbNePLwzxq8iypo41qeWA==",
            "dev": true,
            "funding": [
                {
                    "type": "github",
                    "url": "https://github.com/sponsors/feross"
                },
                {
                    "type": "patreon",
                    "url": "https://www.patreon.com/feross"
                },
                {
                    "type": "consulting",
                    "url": "https://feross.org/support"
                }
            ],
            "license": "MIT"
        },
        "node_modules/buffer": {
            "version": "6.0.3",
            "resolved": "https://artifactory.palantir.build/artifactory/api/npm/all-npm/buffer/-/buffer-6.0.3.tgz",
            "integrity": "sha512-FTiCpNxtwiZZHEZbcbTIcZjERVICn9yq/pDFkTl95/AxzD1naBctN7YO68riM/gLSDY7sdrMby8hofADYuuqOA==",
            "dev": true,
            "funding": [
                {
                    "type": "github",
                    "url": "https://github.com/sponsors/feross"
                },
                {
                    "type": "patreon",
                    "url": "https://www.patreon.com/feross"
                },
                {
                    "type": "consulting",
                    "url": "https://feross.org/support"
                }
            ],
            "license": "MIT",
            "dependencies": {
                "base64-js": "^1.3.1",
                "ieee754": "^1.2.1"
            }
        },
        "node_modules/buffer-from": {
            "version": "1.1.2",
            "resolved": "https://artifactory.palantir.build/artifactory/api/npm/all-npm/buffer-from/-/buffer-from-1.1.2.tgz",
            "integrity": "sha512-E+XQCRwSbaaiChtv6k6Dwgc+bx+Bs6vuKJHHl5kox/BaKbhiXzqQOwK4cO22yElGp2OCmjwVhT3HmxgyPGnJfQ==",
            "dev": true,
            "license": "MIT"
        },
        "node_modules/codemirror": {
            "version": "6.0.2",
            "resolved": "https://artifactory.palantir.build/artifactory/api/npm/all-npm/codemirror/-/codemirror-6.0.2.tgz",
            "integrity": "sha512-VhydHotNW5w1UGK0Qj96BwSk/Zqbp9WbnyK2W/eVMv4QyF41INRGpjUhFJY7/uDNuudSc33a/PKr4iDqRduvHw==",
            "license": "MIT",
            "dependencies": {
                "@codemirror/autocomplete": "^6.0.0",
                "@codemirror/commands": "^6.0.0",
                "@codemirror/language": "^6.0.0",
                "@codemirror/lint": "^6.0.0",
                "@codemirror/search": "^6.0.0",
                "@codemirror/state": "^6.0.0",
                "@codemirror/view": "^6.0.0"
            }
        },
        "node_modules/crelt": {
            "version": "1.0.7",
            "resolved": "https://artifactory.palantir.build/artifactory/api/npm/all-npm/crelt/-/crelt-1.0.7.tgz",
            "integrity": "sha512-aK6BbWfhf4U/wCcLHKPJl/xa6VkVstRaPywWtMKGwuOLc/wZTyQYuoxgvZnNsBvv7Kg3YTBQYYBCggcviQczuA==",
            "license": "MIT"
        },
        "node_modules/dockview": {
            "version": "7.0.2",
            "resolved": "https://artifactory.palantir.build/artifactory/api/npm/all-npm/dockview/-/dockview-7.0.2.tgz",
            "integrity": "sha512-QhgbJ7RTFsWvrs1lQZKPGCLTGjKU7kI5ZWX5lwU03arM9lIoQlbfv1b/uQ7V5zTkRw7JDndEqjKMgEFw2I8Kow==",
            "license": "MIT",
            "dependencies": {
                "dockview-core": "^7.0.2"
            }
        },
        "node_modules/dockview-core": {
            "version": "7.0.2",
            "resolved": "https://artifactory.palantir.build/artifactory/api/npm/all-npm/dockview-core/-/dockview-core-7.0.2.tgz",
            "integrity": "sha512-i666ndkUdT4U+Bo2Yu3d6KwCJNqe21VJ0oschdgcXucZ5TquzBFX94zcUBEfg4IewTv2BuiPJ7r/2JTGLLv6ig==",
            "license": "MIT"
        },
        "node_modules/dockview-react": {
            "version": "7.0.2",
            "resolved": "https://artifactory.palantir.build/artifactory/api/npm/all-npm/dockview-react/-/dockview-react-7.0.2.tgz",
            "integrity": "sha512-tnbRM1C/Ok1n/HXGMF0OWmc6Qlx5pbsSJucxX+3XcuNYkZgKiaNJX3BpdBlSxexjytTI/Xywh0ZNGF3/4Fa9LA==",
            "license": "MIT",
            "dependencies": {
                "dockview": "^7.0.2"
            },
            "peerDependencies": {
                "react": "^16.8.0 || ^17.0.0 || ^18.0.0 || ^19.0.0",
                "react-dom": "^16.8.0 || ^17.0.0 || ^18.0.0 || ^19.0.0"
            }
        },
        "node_modules/ieee754": {
            "version": "1.2.1",
            "resolved": "https://artifactory.palantir.build/artifactory/api/npm/all-npm/ieee754/-/ieee754-1.2.1.tgz",
            "integrity": "sha512-dcyqhDvX1C46lXZcVqCpK+FtMRQVdIMN6/Df5js2zouUsqG7I6sFxitIC+7KYK29KdXOLHdu9zL4sFnoVQnqaA==",
            "dev": true,
            "funding": [
                {
                    "type": "github",
                    "url": "https://github.com/sponsors/feross"
                },
                {
                    "type": "patreon",
                    "url": "https://www.patreon.com/feross"
                },
                {
                    "type": "consulting",
                    "url": "https://feross.org/support"
                }
            ],
            "license": "BSD-3-Clause"
        },
        "node_modules/js-tokens": {
            "version": "4.0.0",
            "resolved": "https://artifactory.palantir.build/artifactory/api/npm/all-npm/js-tokens/-/js-tokens-4.0.0.tgz",
            "integrity": "sha512-RdJUflcE3cUzKiMqQgsCu06FPu9UdIJO0beYbPhHN4k6apgJtifcoCtT9bcxOpYBtpD2kCM6Sbzg4CausW/PKQ==",
            "license": "MIT"
        },
        "node_modules/loose-envify": {
            "version": "1.4.0",
            "resolved": "https://artifactory.palantir.build/artifactory/api/npm/all-npm/loose-envify/-/loose-envify-1.4.0.tgz",
            "integrity": "sha512-lyuxPGr/Wfhrlem2CL/UcnUc1zcqKAImBDzukY7Y5F/yQiNdko6+fRLevlw1HgMySw7f611UIY408EtxRSoK3Q==",
            "license": "MIT",
            "dependencies": {
                "js-tokens": "^3.0.0 || ^4.0.0"
            },
            "bin": {
                "loose-envify": "cli.js"
            }
        },
        "node_modules/process": {
            "version": "0.11.10",
            "resolved": "https://artifactory.palantir.build/artifactory/api/npm/all-npm/process/-/process-0.11.10.tgz",
            "integrity": "sha512-cdGef/drWFoydD1JsMzuFf8100nZl+GT+yacc2bEced5f9Rjk4z+WtFUTBu9PhOi9j/jfmBPu0mMEY4wIdAF8A==",
            "dev": true,
            "license": "MIT",
            "engines": {
                "node": ">= 0.6.0"
            }
        },
        "node_modules/react": {
            "version": "18.3.1",
            "resolved": "https://artifactory.palantir.build/artifactory/api/npm/all-npm/react/-/react-18.3.1.tgz",
            "integrity": "sha512-wS+hAgJShR0KhEvPJArfuPVN1+Hz1t0Y6n5jLrGQbkb4urgPE/0Rve+1kMB1v/oWgHgm4WIcV+i7F2pTVj+2iQ==",
            "license": "MIT",
            "dependencies": {
                "loose-envify": "^1.1.0"
            },
            "engines": {
                "node": ">=0.10.0"
            }
        },
        "node_modules/react-dom": {
            "version": "18.3.1",
            "resolved": "https://artifactory.palantir.build/artifactory/api/npm/all-npm/react-dom/-/react-dom-18.3.1.tgz",
            "integrity": "sha512-5m4nQKp+rZRb09LNH59GM4BxTh9251/ylbKIbpe7TpGxfJ+9kv6BLkLBXIjjspbgbnIBNqlI23tRnTWT0snUIw==",
            "license": "MIT",
            "dependencies": {
                "loose-envify": "^1.1.0",
                "scheduler": "^0.23.2"
            },
            "peerDependencies": {
                "react": "^18.3.1"
            }
        },
        "node_modules/readline-sync": {
            "version": "1.4.10",
            "resolved": "https://artifactory.palantir.build/artifactory/api/npm/all-npm/readline-sync/-/readline-sync-1.4.10.tgz",
            "integrity": "sha512-gNva8/6UAe8QYepIQH/jQ2qn91Qj0B9sYjMBBs3QOB8F2CXcKgLxQaJRP76sWVRQt+QU+8fAkCbCvjjMFu7Ycw==",
            "dev": true,
            "license": "MIT",
            "engines": {
                "node": ">= 0.8.0"
            }
        },
        "node_modules/scheduler": {
            "version": "0.23.2",
            "resolved": "https://artifactory.palantir.build/artifactory/api/npm/all-npm/scheduler/-/scheduler-0.23.2.tgz",
            "integrity": "sha512-UOShsPwz7NrMUqhR6t0hWjFduvOzbtv7toDH1/hIrfRNIDBnnBWd0CwJTGvTpngVlmwGCdP9/Zl/tVrDqcuYzQ==",
            "license": "MIT",
            "dependencies": {
                "loose-envify": "^1.1.0"
            }
        },
        "node_modules/shadow-cljs": {
            "version": "3.4.11",
            "resolved": "https://artifactory.palantir.build/artifactory/api/npm/all-npm/shadow-cljs/-/shadow-cljs-3.4.11.tgz",
            "integrity": "sha512-996uqtadZItXdD80Vtoh9IoE8oUOKoXOXd48gOxkZWUAHcxgcBlcRqMmPYiy4A1QqvSUQkdNGpv9AIWOgLx9Vg==",
            "dev": true,
            "license": "ISC",
            "dependencies": {
                "buffer": "^6.0.3",
                "process": "^0.11.10",
                "readline-sync": "^1.4.10",
                "shadow-cljs-jar": "1.3.4",
                "source-map-support": "^0.5.21",
                "which": "^5.0.0",
                "ws": "^8.18.1"
            },
            "bin": {
                "shadow-cljs": "cli/runner.js"
            },
            "engines": {
                "node": ">=6.0.0"
            }
        },
        "node_modules/shadow-cljs-jar": {
            "version": "1.3.4",
            "resolved": "https://artifactory.palantir.build/artifactory/api/npm/all-npm/shadow-cljs-jar/-/shadow-cljs-jar-1.3.4.tgz",
            "integrity": "sha512-cZB2pzVXBnhpJ6PQdsjO+j/MksR28mv4QD/hP/2y1fsIa9Z9RutYgh3N34FZ8Ktl4puAXaIGlct+gMCJ5BmwmA==",
            "dev": true,
            "license": "ISC"
        },
        "node_modules/shadow-cljs/node_modules/isexe": {
            "version": "3.1.5",
            "resolved": "https://artifactory.palantir.build/artifactory/api/npm/all-npm/isexe/-/isexe-3.1.5.tgz",
            "integrity": "sha512-6B3tLtFqtQS4ekarvLVMZ+X+VlvQekbe4taUkf/rhVO3d/h0M2rfARm/pXLcPEsjjMsFgrFgSrhQIxcSVrBz8w==",
            "dev": true,
            "license": "BlueOak-1.0.0",
            "engines": {
                "node": ">=18"
            }
        },
        "node_modules/shadow-cljs/node_modules/which": {
            "version": "5.0.0",
            "resolved": "https://artifactory.palantir.build/artifactory/api/npm/all-npm/which/-/which-5.0.0.tgz",
            "integrity": "sha512-JEdGzHwwkrbWoGOlIHqQ5gtprKGOenpDHpxE9zVR1bWbOtYRyPPHMe9FaP6x61CmNaTThSkb0DAJte5jD+DmzQ==",
            "dev": true,
            "license": "ISC",
            "dependencies": {
                "isexe": "^3.1.1"
            },
            "bin": {
                "node-which": "bin/which.js"
            },
            "engines": {
                "node": "^18.17.0 || >=20.5.0"
            }
        },
        "node_modules/source-map": {
            "version": "0.6.1",
            "resolved": "https://artifactory.palantir.build/artifactory/api/npm/all-npm/source-map/-/source-map-0.6.1.tgz",
            "integrity": "sha512-UjgapumWlbMhkBgzT7Ykc5YXUT46F0iKu8SGXq0bcwP5dz/h0Plj6enJqjz1Zbq2l5WaqYnrVbwWOWMyF3F47g==",
            "dev": true,
            "license": "BSD-3-Clause",
            "engines": {
                "node": ">=0.10.0"
            }
        },
        "node_modules/source-map-support": {
            "version": "0.5.21",
            "resolved": "https://artifactory.palantir.build/artifactory/api/npm/all-npm/source-map-support/-/source-map-support-0.5.21.tgz",
            "integrity": "sha512-uBHU3L3czsIyYXKX88fdrGovxdSCoTGDRZ6SYXtSRxLZUzHg5P/66Ht6uoUlHu9EZod+inXhKo3qQgwXUT/y1w==",
            "dev": true,
            "license": "MIT",
            "dependencies": {
                "buffer-from": "^1.0.0",
                "source-map": "^0.6.0"
            }
        },
        "node_modules/style-mod": {
            "version": "4.1.3",
            "resolved": "https://artifactory.palantir.build/artifactory/api/npm/all-npm/style-mod/-/style-mod-4.1.3.tgz",
            "integrity": "sha512-i/n8VsZydrugj3Iuzll8+x/00GH2vnYsk1eomD8QiRrSAeW6ItbCQDtfXCeJHd0iwiNagqjQkvpvREEPtW3IoQ==",
            "license": "MIT"
        },
        "node_modules/w3c-keyname": {
            "version": "2.2.8",
            "resolved": "https://artifactory.palantir.build/artifactory/api/npm/all-npm/w3c-keyname/-/w3c-keyname-2.2.8.tgz",
            "integrity": "sha512-dpojBhNsCNN7T82Tm7k26A6G9ML3NkhDsnw9n/eoxSRlVBB4CEtIQ/KTCLI2Fwf3ataSXRhYFkQi3SlnFwPvPQ==",
            "license": "MIT"
        },
        "node_modules/ws": {
            "version": "8.21.0",
            "resolved": "https://artifactory.palantir.build/artifactory/api/npm/all-npm/ws/-/ws-8.21.0.tgz",
            "integrity": "sha512-Vsp28b7DRcimFQvrqu2Wek3z1iYxDCWqHYB8Qsnk/S4RfaCQzPGPyBNuVjJV3cd6UiKtUtp6sNM77gWvzcCH+g==",
            "dev": true,
            "license": "MIT",
            "engines": {
                "node": ">=10.0.0"
            },
            "peerDependencies": {
                "bufferutil": "^4.0.1",
                "utf-8-validate": ">=5.0.2"
            },
            "peerDependenciesMeta": {
                "bufferutil": {
                    "optional": true
                },
                "utf-8-validate": {
                    "optional": true
                }
            }
        }
    }
}
